
Microsoft Visual Studio Solution File, Format Version 12.00
# Visual Studio Version 17
VisualStudioVersion = 17.8.34525.116
MinimumVisualStudioVersion = 10.0.40219.1
Project("{9A19103F-16F7-4668-BE54-9A1E7A4F7556}") = "Sem3_Laba2", "Sem3_Laba2\Sem3_Laba2.csproj", "{0B8D12F3-1CCD-402E-BB0D-6135DD644F2F}"
EndProject
Project("{FAE04EC0-301F-11D3-BF4B-00C04F79EFBC}") = "Sem3_Laba2.Tests", "Sem3_Laba2.Tests\Sem3_Laba2.Tests.csproj", "{9394BD8D-25F3-42CD-99F5-BAAE069DAAE4}"
EndProject
Global
	GlobalSection(SolutionConfigurationPlatforms) = preSolution
		Debug|Any CPU = Debug|Any CPU
		Release|Any CPU = Release|Any CPU
	EndGlobalSection
	GlobalSection(ProjectConfigurationPlatforms) = postSolution
		{0B8D12F3-1CCD-402E-BB0D-6135DD644F2F}.Debug|Any CPU.ActiveCfg = Debug|Any CPU
		{0B8D12F3-1CCD-402E-BB0D-6135DD644F2F}.Debug|Any CPU.Build.0 = Debug|Any CPU
		{0B8D12F3-1CCD-402E-BB0D-6135DD644F2F}.Release|Any CPU.ActiveCfg = Release|Any CPU
		{0B8D12F3-1CCD-402E-BB0D-6135DD644F2F}.Release|Any CPU.Build.0 = Release|Any CPU
		{9394BD8D-25F3-42CD-99F5-BAAE069DAAE4}.Debug|Any CPU.ActiveCfg = Debug|Any CPU
		{9394BD8D-25F3-42CD-99F5-BAAE069DAAE4}.Debug|Any CPU.Build.0 = Debug|Any CPU
		{9394BD8D-25F3-42CD-99F5-BAAE069DAAE4}.Release|Any CPU.ActiveCfg = Release|Any CPU
		{9394BD8D-25F3-42CD-99F5-BAAE069DAAE4}.Release|Any CPU.Build.0 = Release|Any CPU
	EndGlobalSection
	GlobalSection(SolutionProperties) = preSolution
		HideSolutionNode = FALSE
	EndGlobalSection
	GlobalSection(ExtensibilityGlobals) = postSolution
		SolutionGuid = {5AADB418-31A1-4017-AE3B-783D31727236}
	EndGlobalSection
EndGlobal
